{
  "name": "rserve",
  "version": "2.0.1",
  "lockfileVersion": 2,
  "requires": true,
  "packages": {
    "": {
      "name": "rserve",
      "version": "2.0.1",
      "license": "EPL 1.0 or GPL >= 2.0",
      "dependencies": {
        "bluebird": "1.0.3",
        "typescript": "^5.2.2",
        "underscore": "1.5.1"
      },
      "devDependencies": {
        "@types/node": "^20.5.6",
        "@types/underscore": "^1.11.7",
        "uglify-js": "2.3.6"
      }
    },
    "node_modules/@types/node": {
      "version": "20.5.6",
      "resolved": "https://registry.npmjs.org/@types/node/-/node-20.5.6.tgz",
      "integrity": "sha512-Gi5wRGPbbyOTX+4Y2iULQ27oUPrefaB0PxGQJnfyWN3kvEDGM3mIB5M/gQLmitZf7A9FmLeaqxD3L1CXpm3VKQ==",
      "dev": true
    },
    "node_modules/@types/underscore": {
      "version": "1.11.7",
      "resolved": "https://registry.npmjs.org/@types/underscore/-/underscore-1.11.7.tgz",
      "integrity": "sha512-uXFrH3+/R8AkckdYPJdmJm537rAOWOUt4DW3ni2l2GdXe1YrdREqab6lqsq1hm76xEihV39/qTxKIevNpZw2Zg==",
      "dev": true
    },
    "node_modules/amdefine": {
      "version": "1.0.1",
      "dev": true,
      "license": "BSD-3-Clause OR MIT",
      "engines": {
        "node": ">=0.4.2"
      }
    },
    "node_modules/async": {
      "version": "0.2.10",
      "dev": true
    },
    "node_modules/bluebird": {
      "version": "1.0.3",
      "license": "MIT"
    },
    "node_modules/optimist": {
      "version": "0.3.7",
      "dev": true,
      "license": "MIT/X11",
      "dependencies": {
        "wordwrap": "~0.0.2"
      }
    },
    "node_modules/source-map": {
      "version": "0.1.43",
      "dev": true,
      "dependencies": {
        "amdefine": ">=0.0.4"
      },
      "engines": {
        "node": ">=0.8.0"
      }
    },
    "node_modules/typescript": {
      "version": "5.2.2",
      "resolved": "https://registry.npmjs.org/typescript/-/typescript-5.2.2.tgz",
      "integrity": "sha512-mI4WrpHsbCIcwT9cF4FZvr80QUeKvsUsUvKDoR+X/7XHQH98xYD8YHZg7ANtz2GtZt/CBq2QJ0thkGJMHfqc1w==",
      "bin": {
        "tsc": "bin/tsc",
        "tsserver": "bin/tsserver"
      },
      "engines": {
        "node": ">=14.17"
      }
    },
    "node_modules/uglify-js": {
      "version": "2.3.6",
      "dev": true,
      "dependencies": {
        "async": "~0.2.6",
        "optimist": "~0.3.5",
        "source-map": "~0.1.7"
      },
      "bin": {
        "uglifyjs": "bin/uglifyjs"
      },
      "engines": {
        "node": ">=0.4.0"
      }
    },
    "node_modules/underscore": {
      "version": "1.5.1",
      "license": "MIT"
    },
    "node_modules/wordwrap": {
      "version": "0.0.3",
      "dev": true,
      "license": "MIT",
      "engines": {
        "node": ">=0.4.0"
      }
    }
  },
  "dependencies": {
    "@types/node": {
      "version": "20.5.6",
      "resolved": "https://registry.npmjs.org/@types/node/-/node-20.5.6.tgz",
      "integrity": "sha512-Gi5wRGPbbyOTX+4Y2iULQ27oUPrefaB0PxGQJnfyWN3kvEDGM3mIB5M/gQLmitZf7A9FmLeaqxD3L1CXpm3VKQ==",
      "dev": true
    },
    "@types/underscore": {
      "version": "1.11.7",
      "resolved": "https://registry.npmjs.org/@types/underscore/-/underscore-1.11.7.tgz",
      "integrity": "sha512-uXFrH3+/R8AkckdYPJdmJm537rAOWOUt4DW3ni2l2GdXe1YrdREqab6lqsq1hm76xEihV39/qTxKIevNpZw2Zg==",
      "dev": true
    },
    "amdefine": {
      "version": "1.0.1",
      "dev": true
    },
    "async": {
      "version": "0.2.10",
      "dev": true
    },
    "bluebird": {
      "version": "1.0.3"
    },
    "optimist": {
      "version": "0.3.7",
      "dev": true,
      "requires": {
        "wordwrap": "~0.0.2"
      }
    },
    "source-map": {
      "version": "0.1.43",
      "dev": true,
      "requires": {
        "amdefine": ">=0.0.4"
      }
    },
    "typescript": {
      "version": "5.2.2",
      "resolved": "https://registry.npmjs.org/typescript/-/typescript-5.2.2.tgz",
      "integrity": "sha512-mI4WrpHsbCIcwT9cF4FZvr80QUeKvsUsUvKDoR+X/7XHQH98xYD8YHZg7ANtz2GtZt/CBq2QJ0thkGJMHfqc1w=="
    },
    "uglify-js": {
      "version": "2.3.6",
      "dev": true,
      "requires": {
        "async": "~0.2.6",
        "optimist": "~0.3.5",
        "source-map": "~0.1.7"
      }
    },
    "underscore": {
      "version": "1.5.1"
    },
    "wordwrap": {
      "version": "0.0.3",
      "dev": true
    }
  }
}
